
Microsoft Visual Studio Solution File, Format Version 12.00
# Visual Studio Version 16
VisualStudioVersion = 16.0.29403.142
MinimumVisualStudioVersion = 10.0.40219.1
Project("{8BC9CEB8-8B4A-11D0-8D11-00A0C91BC942}") = "testChipSelect", "testChipSelect.vcxproj", "{E36608FE-DC8B-4C4D-953B-16A0B97F52B3}"
EndProject
Global
	GlobalSection(SolutionConfigurationPlatforms) = preSolution
		Debug|x64 = Debug|x64
		Debug|x86 = Debug|x86
		Release|x64 = Release|x64
		Release|x86 = Release|x86
	EndGlobalSection
	GlobalSection(ProjectConfigurationPlatforms) = postSolution
		{E36608FE-DC8B-4C4D-953B-16A0B97F52B3}.Debug|x64.ActiveCfg = Debug|x64
		{E36608FE-DC8B-4C4D-953B-16A0B97F52B3}.Debug|x64.Build.0 = Debug|x64
		{E36608FE-DC8B-4C4D-953B-16A0B97F52B3}.Debug|x86.ActiveCfg = Debug|Win32
		{E36608FE-DC8B-4C4D-953B-16A0B97F52B3}.Debug|x86.Build.0 = Debug|Win32
		{E36608FE-DC8B-4C4D-953B-16A0B97F52B3}.Release|x64.ActiveCfg = Release|x64
		{E36608FE-DC8B-4C4D-953B-16A0B97F52B3}.Release|x64.Build.0 = Release|x64
		{E36608FE-DC8B-4C4D-953B-16A0B97F52B3}.Release|x86.ActiveCfg = Release|Win32
		{E36608FE-DC8B-4C4D-953B-16A0B97F52B3}.Release|x86.Build.0 = Release|Win32
	EndGlobalSection
	GlobalSection(SolutionProperties) = preSolution
		HideSolutionNode = FALSE
	EndGlobalSection
	GlobalSection(ExtensibilityGlobals) = postSolution
		SolutionGuid = {DB40DCFE-3BBE-4898-8F32-FDC4F9925215}
	EndGlobalSection
EndGlobal
